<Solution>
  <Folder Name="/src/">
    <Project Path="src/CmsSyncService.Api/CmsSyncService.Api.csproj" />
    <Project Path="src/CmsSyncService.Core/CmsSyncService.Core.csproj" />
    <Project Path="src/CmsSyncService.Infrastructure/CmsSyncService.Infrastructure.csproj" />
  </Folder>
  <Folder Name="/tests/">
    <Project Path="tests/CmsSyncService.Api.Tests/CmsSyncService.Api.Tests.csproj" />
  </Folder>
</Solution>
